{
  "originHash" : "ac5975763c11e3d9f699b39e298872d1a12f83b312cbff3e215b231f37394435",
  "pins" : [
    {
      "identity" : "popupview",
      "kind" : "remoteSourceControl",
      "location" : "https://github.com/Mijick/PopupView.git",
      "state" : {
        "revision" : "60ebc93bbcf06d78b0123389e641c3a451c80f65",
        "version" : "2.7.1"
      }
    }
  ],
  "version" : 3
}
